
Microsoft Visual Studio Solution File, Format Version 12.00
Project("{FAE04EC0-301F-11D3-BF4B-00C04F79EFBC}") = "MadinahArabic", "MadinahArabic.csproj", "{C1C1A79A-33D8-44F8-BCBA-03DCEF58D266}"
EndProject
Global
	GlobalSection(SolutionConfigurationPlatforms) = preSolution
		Debug|Any CPU = Debug|Any CPU
		Release|Any CPU = Release|Any CPU
	EndGlobalSection
	GlobalSection(ProjectConfigurationPlatforms) = postSolution
		{C1C1A79A-33D8-44F8-BCBA-03DCEF58D266}.Debug|Any CPU.ActiveCfg = Debug|Any CPU
		{C1C1A79A-33D8-44F8-BCBA-03DCEF58D266}.Debug|Any CPU.Build.0 = Debug|Any CPU
		{C1C1A79A-33D8-44F8-BCBA-03DCEF58D266}.Release|Any CPU.ActiveCfg = Release|Any CPU
		{C1C1A79A-33D8-44F8-BCBA-03DCEF58D266}.Release|Any CPU.Build.0 = Release|Any CPU
	EndGlobalSection
EndGlobal
